
Microsoft Visual Studio Solution File, Format Version 12.00
# Visual Studio Version 17
VisualStudioVersion = 17.0.31903.59
MinimumVisualStudioVersion = 10.0.40219.1
Project("{2150E333-8FDC-42A3-9474-1A3956D46DE8}") = "src", "src", "{DCE722AA-896F-482C-B152-4D31E8D73C1B}"
EndProject
Project("{FAE04EC0-301F-11D3-BF4B-00C04F79EFBC}") = "ObfuscatedIds", "src\ObfuscatedIds\ObfuscatedIds.csproj", "{E7CD2964-0096-4C67-B51B-DBB4522463E4}"
EndProject
Project("{2150E333-8FDC-42A3-9474-1A3956D46DE8}") = "tests", "tests", "{DA4A7699-0C8A-4696-8FB2-C1CED435F8A0}"
EndProject
Project("{FAE04EC0-301F-11D3-BF4B-00C04F79EFBC}") = "ObfuscatedIds.Tests", "tests\ObfuscatedIds.Tests\ObfuscatedIds.Tests.csproj", "{FCBC2530-BFB5-477D-BAD4-8C76CAB001E3}"
EndProject
Project("{2150E333-8FDC-42A3-9474-1A3956D46DE8}") = "examples", "examples", "{F409F6FB-601E-4073-B894-C10688E65CBE}"
EndProject
Project("{FAE04EC0-301F-11D3-BF4B-00C04F79EFBC}") = "GettingStarted", "examples\GettingStarted\GettingStarted.csproj", "{3FC896CB-F014-4EC0-AD05-9F051E20E5D4}"
EndProject
Global
	GlobalSection(SolutionConfigurationPlatforms) = preSolution
		Debug|Any CPU = Debug|Any CPU
		Release|Any CPU = Release|Any CPU
	EndGlobalSection
	GlobalSection(SolutionProperties) = preSolution
		HideSolutionNode = FALSE
	EndGlobalSection
	GlobalSection(ProjectConfigurationPlatforms) = postSolution
		{E7CD2964-0096-4C67-B51B-DBB4522463E4}.Debug|Any CPU.ActiveCfg = Debug|Any CPU
		{E7CD2964-0096-4C67-B51B-DBB4522463E4}.Debug|Any CPU.Build.0 = Debug|Any CPU
		{E7CD2964-0096-4C67-B51B-DBB4522463E4}.Release|Any CPU.ActiveCfg = Release|Any CPU
		{E7CD2964-0096-4C67-B51B-DBB4522463E4}.Release|Any CPU.Build.0 = Release|Any CPU
		{FCBC2530-BFB5-477D-BAD4-8C76CAB001E3}.Debug|Any CPU.ActiveCfg = Debug|Any CPU
		{FCBC2530-BFB5-477D-BAD4-8C76CAB001E3}.Debug|Any CPU.Build.0 = Debug|Any CPU
		{FCBC2530-BFB5-477D-BAD4-8C76CAB001E3}.Release|Any CPU.ActiveCfg = Release|Any CPU
		{FCBC2530-BFB5-477D-BAD4-8C76CAB001E3}.Release|Any CPU.Build.0 = Release|Any CPU
		{3FC896CB-F014-4EC0-AD05-9F051E20E5D4}.Debug|Any CPU.ActiveCfg = Debug|Any CPU
		{3FC896CB-F014-4EC0-AD05-9F051E20E5D4}.Debug|Any CPU.Build.0 = Debug|Any CPU
		{3FC896CB-F014-4EC0-AD05-9F051E20E5D4}.Release|Any CPU.ActiveCfg = Release|Any CPU
		{3FC896CB-F014-4EC0-AD05-9F051E20E5D4}.Release|Any CPU.Build.0 = Release|Any CPU
	EndGlobalSection
	GlobalSection(NestedProjects) = preSolution
		{E7CD2964-0096-4C67-B51B-DBB4522463E4} = {DCE722AA-896F-482C-B152-4D31E8D73C1B}
		{FCBC2530-BFB5-477D-BAD4-8C76CAB001E3} = {DA4A7699-0C8A-4696-8FB2-C1CED435F8A0}
		{3FC896CB-F014-4EC0-AD05-9F051E20E5D4} = {F409F6FB-601E-4073-B894-C10688E65CBE}
	EndGlobalSection
EndGlobal
